
Microsoft Visual Studio Solution File, Format Version 12.00
# Visual Studio Version 17
VisualStudioVersion = 17.12.35707.178
MinimumVisualStudioVersion = 10.0.40219.1
Project("{FAE04EC0-301F-11D3-BF4B-00C04F79EFBC}") = "cmcs_poe_part1", "cmcs_poe_part1.csproj", "{470FD318-817F-47D9-97C0-B33935C003B5}"
EndProject
Project("{FAE04EC0-301F-11D3-BF4B-00C04F79EFBC}") = "register_test", "..\register_test\register_test.csproj", "{4CCDDB51-8FA9-4097-9FDC-64722B2524EF}"
EndProject
Global
	GlobalSection(SolutionConfigurationPlatforms) = preSolution
		Debug|Any CPU = Debug|Any CPU
		Release|Any CPU = Release|Any CPU
	EndGlobalSection
	GlobalSection(ProjectConfigurationPlatforms) = postSolution
		{470FD318-817F-47D9-97C0-B33935C003B5}.Debug|Any CPU.ActiveCfg = Debug|Any CPU
		{470FD318-817F-47D9-97C0-B33935C003B5}.Debug|Any CPU.Build.0 = Debug|Any CPU
		{470FD318-817F-47D9-97C0-B33935C003B5}.Release|Any CPU.ActiveCfg = Release|Any CPU
		{470FD318-817F-47D9-97C0-B33935C003B5}.Release|Any CPU.Build.0 = Release|Any CPU
		{4CCDDB51-8FA9-4097-9FDC-64722B2524EF}.Debug|Any CPU.ActiveCfg = Debug|Any CPU
		{4CCDDB51-8FA9-4097-9FDC-64722B2524EF}.Debug|Any CPU.Build.0 = Debug|Any CPU
		{4CCDDB51-8FA9-4097-9FDC-64722B2524EF}.Release|Any CPU.ActiveCfg = Release|Any CPU
		{4CCDDB51-8FA9-4097-9FDC-64722B2524EF}.Release|Any CPU.Build.0 = Release|Any CPU
	EndGlobalSection
	GlobalSection(SolutionProperties) = preSolution
		HideSolutionNode = FALSE
	EndGlobalSection
	GlobalSection(ExtensibilityGlobals) = postSolution
		SolutionGuid = {D688DBCD-77C9-4BFF-812E-ED4986D9F54B}
	EndGlobalSection
EndGlobal
